
Microsoft Visual Studio Solution File, Format Version 12.00
# Visual Studio Version 17
VisualStudioVersion = 17.3.32819.101
MinimumVisualStudioVersion = 10.0.40219.1
Project("{FAE04EC0-301F-11D3-BF4B-00C04F79EFBC}") = "ExSemInterface", "ExSemInterface\ExSemInterface.csproj", "{6E793B4A-88C3-49C9-9409-16DEA872A469}"
EndProject
Global
	GlobalSection(SolutionConfigurationPlatforms) = preSolution
		Debug|Any CPU = Debug|Any CPU
		Release|Any CPU = Release|Any CPU
	EndGlobalSection
	GlobalSection(ProjectConfigurationPlatforms) = postSolution
		{6E793B4A-88C3-49C9-9409-16DEA872A469}.Debug|Any CPU.ActiveCfg = Debug|Any CPU
		{6E793B4A-88C3-49C9-9409-16DEA872A469}.Debug|Any CPU.Build.0 = Debug|Any CPU
		{6E793B4A-88C3-49C9-9409-16DEA872A469}.Release|Any CPU.ActiveCfg = Release|Any CPU
		{6E793B4A-88C3-49C9-9409-16DEA872A469}.Release|Any CPU.Build.0 = Release|Any CPU
	EndGlobalSection
	GlobalSection(SolutionProperties) = preSolution
		HideSolutionNode = FALSE
	EndGlobalSection
	GlobalSection(ExtensibilityGlobals) = postSolution
		SolutionGuid = {1F67B0E3-44B8-42D7-822B-AB01A870DC9F}
	EndGlobalSection
EndGlobal
